{
  "name": "tonlight",
  "lockfileVersion": 2,
  "requires": true,
  "packages": {
    "": {
      "dependencies": {
        "corelight": "^1.0.11"
      }
    },
    "node_modules/corelight": {
      "version": "1.0.11",
      "resolved": "https://registry.npmjs.org/corelight/-/corelight-1.0.11.tgz",
      "integrity": "sha512-GZnaPkQT/wX4KjEZgNBkk/Cg2preKR1WQUTyCPJjNMQ0zAvHergjf0JswOiqQdh9xR+PRuPTnF2A4nQIz2kuxg=="
    }
  },
  "dependencies": {
    "corelight": {
      "version": "1.0.11",
      "resolved": "https://registry.npmjs.org/corelight/-/corelight-1.0.11.tgz",
      "integrity": "sha512-GZnaPkQT/wX4KjEZgNBkk/Cg2preKR1WQUTyCPJjNMQ0zAvHergjf0JswOiqQdh9xR+PRuPTnF2A4nQIz2kuxg=="
    }
  }
}
