{
  "name": "tonlight",
  "version": "1.0.7",
  "lockfileVersion": 2,
  "requires": true,
  "packages": {
    "": {
      "name": "tonlight",
      "version": "1.0.7",
      "license": "MIT",
      "dependencies": {
        "corelight": "^1.0.11"
      }
    },
    "node_modules/corelight": {
      "version": "1.0.21",
      "resolved": "https://registry.npmjs.org/corelight/-/corelight-1.0.21.tgz",
      "integrity": "sha512-S1jBddy6BnHvqBvIp0uMGOu31CJrKOcucOhxEn1Wh3a+qSQu2TshMmaufvf4D8FQG/j1R6L+zvxwMHG4CbR/eg=="
    }
  },
  "dependencies": {
    "corelight": {
      "version": "1.0.21",
      "resolved": "https://registry.npmjs.org/corelight/-/corelight-1.0.21.tgz",
      "integrity": "sha512-S1jBddy6BnHvqBvIp0uMGOu31CJrKOcucOhxEn1Wh3a+qSQu2TshMmaufvf4D8FQG/j1R6L+zvxwMHG4CbR/eg=="
    }
  }
}
