{
  "name": "tonlight",
  "version": "1.0.8",
  "lockfileVersion": 2,
  "requires": true,
  "packages": {
    "": {
      "name": "tonlight",
      "version": "1.0.8",
      "license": "MIT",
      "dependencies": {
        "corelight": "^1.0.11"
      }
    },
    "node_modules/corelight": {
      "version": "1.0.22",
      "resolved": "https://registry.npmjs.org/corelight/-/corelight-1.0.22.tgz",
      "integrity": "sha512-8HuZstpbi1KRNFkdbpyl1UrVhK+aPomZZR03/curONn9BpB1lhbKTucXKY+sDxhAz+8QlqekFYPi7E3LZQWkkg=="
    }
  },
  "dependencies": {
    "corelight": {
      "version": "1.0.22",
      "resolved": "https://registry.npmjs.org/corelight/-/corelight-1.0.22.tgz",
      "integrity": "sha512-8HuZstpbi1KRNFkdbpyl1UrVhK+aPomZZR03/curONn9BpB1lhbKTucXKY+sDxhAz+8QlqekFYPi7E3LZQWkkg=="
    }
  }
}
